
Microsoft Visual Studio Solution File, Format Version 12.00
# Visual Studio 15
VisualStudioVersion = 15.0.27703.2042
MinimumVisualStudioVersion = 10.0.40219.1
Project("{FAE04EC0-301F-11D3-BF4B-00C04F79EFBC}") = "AdminApp1", "AdminApp1\AdminApp1.csproj", "{3E3BEEC9-B854-4198-8221-7027B4D0532C}"
EndProject
Project("{FAE04EC0-301F-11D3-BF4B-00C04F79EFBC}") = "CilientApp1", "CilientApp1\CilientApp1.csproj", "{64EC5553-EB4B-49F3-A52D-7D01591BFA0F}"
EndProject
Global
	GlobalSection(SolutionConfigurationPlatforms) = preSolution
		Debug|Any CPU = Debug|Any CPU
		Release|Any CPU = Release|Any CPU
	EndGlobalSection
	GlobalSection(ProjectConfigurationPlatforms) = postSolution
		{3E3BEEC9-B854-4198-8221-7027B4D0532C}.Debug|Any CPU.ActiveCfg = Debug|Any CPU
		{3E3BEEC9-B854-4198-8221-7027B4D0532C}.Debug|Any CPU.Build.0 = Debug|Any CPU
		{3E3BEEC9-B854-4198-8221-7027B4D0532C}.Release|Any CPU.ActiveCfg = Release|Any CPU
		{3E3BEEC9-B854-4198-8221-7027B4D0532C}.Release|Any CPU.Build.0 = Release|Any CPU
		{64EC5553-EB4B-49F3-A52D-7D01591BFA0F}.Debug|Any CPU.ActiveCfg = Debug|Any CPU
		{64EC5553-EB4B-49F3-A52D-7D01591BFA0F}.Debug|Any CPU.Build.0 = Debug|Any CPU
		{64EC5553-EB4B-49F3-A52D-7D01591BFA0F}.Release|Any CPU.ActiveCfg = Release|Any CPU
		{64EC5553-EB4B-49F3-A52D-7D01591BFA0F}.Release|Any CPU.Build.0 = Release|Any CPU
	EndGlobalSection
	GlobalSection(SolutionProperties) = preSolution
		HideSolutionNode = FALSE
	EndGlobalSection
	GlobalSection(ExtensibilityGlobals) = postSolution
		SolutionGuid = {5897302A-A23B-4F9D-B7CC-FD8F2447CC41}
	EndGlobalSection
EndGlobal
